dependencies:
- name: common
  repository: https://charts.bitnami.com/bitnami
  version: 2.24.0
- name: reloader
  repository: https://stakater.github.io/stakater-charts
  version: 1.0.58
digest: sha256:bbafd91c977988e2659468ba7603fe1f401927f79f9cc630a2b09e3b949995a3
generated: "2024-10-10T06:34:54.079091795Z"
