dependencies:
- name: common
  repository: https://charts.bitnami.com/bitnami
  version: 2.14.1
- name: reloader
  repository: https://stakater.github.io/stakater-charts
  version: 1.0.69
digest: sha256:480e750b615755064d53582559bb331134637fa747ad599c9691b980c2ed0a3f
generated: "2024-02-27T18:16:54.752859609Z"
