dependencies:
- name: common
  repository: https://charts.bitnami.com/bitnami
  version: 2.41.0
- name: reloader
  repository: https://stakater.github.io/stakater-charts
  version: 1.0.58
digest: sha256:d3fc19a0becad48e59fa752155e5f53bf881bb356b25e1fdfed7a6f5bc80ec9d
generated: "2026-08-26T16:54:21.928088818Z"
